
Microsoft Visual Studio Solution File, Format Version 12.00
# Visual Studio Version 16
VisualStudioVersion = 16.0.29102.190
MinimumVisualStudioVersion = 10.0.40219.1
Project("{FAE04EC0-301F-11D3-BF4B-00C04F79EFBC}") = "TwitterApp", "TwitterApp\TwitterApp.csproj", "{1AFE8CC0-AADA-4829-9F65-C326D9BF905A}"
EndProject
Global
	GlobalSection(SolutionConfigurationPlatforms) = preSolution
		Debug|Any CPU = Debug|Any CPU
		Release|Any CPU = Release|Any CPU
	EndGlobalSection
	GlobalSection(ProjectConfigurationPlatforms) = postSolution
		{1AFE8CC0-AADA-4829-9F65-C326D9BF905A}.Debug|Any CPU.ActiveCfg = Debug|Any CPU
		{1AFE8CC0-AADA-4829-9F65-C326D9BF905A}.Debug|Any CPU.Build.0 = Debug|Any CPU
		{1AFE8CC0-AADA-4829-9F65-C326D9BF905A}.Release|Any CPU.ActiveCfg = Release|Any CPU
		{1AFE8CC0-AADA-4829-9F65-C326D9BF905A}.Release|Any CPU.Build.0 = Release|Any CPU
	EndGlobalSection
	GlobalSection(SolutionProperties) = preSolution
		HideSolutionNode = FALSE
	EndGlobalSection
	GlobalSection(ExtensibilityGlobals) = postSolution
		SolutionGuid = {DB4A490D-E03E-4EA9-8681-76D0B9F153AE}
	EndGlobalSection
EndGlobal
